
Microsoft Visual Studio Solution File, Format Version 11.00
# Visual Studio 2010
Project("{FAE04EC0-301F-11D3-BF4B-00C04F79EFBC}") = "Assembly-CSharp", "Assembly-CSharp.csproj", "{c37161da-56be-fe7d-4496-ab99fe2c9e17}"
EndProject
Project("{FAE04EC0-301F-11D3-BF4B-00C04F79EFBC}") = "Assembly-CSharp-firstpass", "Assembly-CSharp-firstpass.csproj", "{8fe3bbb9-7ffa-aae6-4ada-55723e96165c}"
EndProject
Project("{FAE04EC0-301F-11D3-BF4B-00C04F79EFBC}") = "Assembly-CSharp-Editor-firstpass", "Assembly-CSharp-Editor-firstpass.csproj", "{b473e9d0-29bc-e014-d5ac-54cb531cb6d1}"
EndProject
Global
	GlobalSection(SolutionConfigurationPlatforms) = preSolution
		Debug|Any CPU = Debug|Any CPU
	EndGlobalSection
	GlobalSection(ProjectConfigurationPlatforms) = postSolution
		{c37161da-56be-fe7d-4496-ab99fe2c9e17}.Debug|Any CPU.ActiveCfg = Debug|Any CPU
		{c37161da-56be-fe7d-4496-ab99fe2c9e17}.Debug|Any CPU.Build.0 = Debug|Any CPU
		{8fe3bbb9-7ffa-aae6-4ada-55723e96165c}.Debug|Any CPU.ActiveCfg = Debug|Any CPU
		{8fe3bbb9-7ffa-aae6-4ada-55723e96165c}.Debug|Any CPU.Build.0 = Debug|Any CPU
		{b473e9d0-29bc-e014-d5ac-54cb531cb6d1}.Debug|Any CPU.ActiveCfg = Debug|Any CPU
		{b473e9d0-29bc-e014-d5ac-54cb531cb6d1}.Debug|Any CPU.Build.0 = Debug|Any CPU
	EndGlobalSection
	GlobalSection(SolutionProperties) = preSolution
		HideSolutionNode = FALSE
	EndGlobalSection
EndGlobal
